
Microsoft Visual Studio Solution File, Format Version 12.00
# Visual Studio Version 17
VisualStudioVersion = 17.1.32210.238
MinimumVisualStudioVersion = 10.0.40219.1
Project("{FAE04EC0-301F-11D3-BF4B-00C04F79EFBC}") = "RvSfDownloadCore", "RvSfDownloadCore.csproj", "{09C90373-2C70-41F1-A4F3-1324656495D8}"
EndProject
Global
	GlobalSection(SolutionConfigurationPlatforms) = preSolution
		Debug|Any CPU = Debug|Any CPU
		Release|Any CPU = Release|Any CPU
	EndGlobalSection
	GlobalSection(ProjectConfigurationPlatforms) = postSolution
		{09C90373-2C70-41F1-A4F3-1324656495D8}.Debug|Any CPU.ActiveCfg = Debug|Any CPU
		{09C90373-2C70-41F1-A4F3-1324656495D8}.Debug|Any CPU.Build.0 = Debug|Any CPU
		{09C90373-2C70-41F1-A4F3-1324656495D8}.Release|Any CPU.ActiveCfg = Release|Any CPU
		{09C90373-2C70-41F1-A4F3-1324656495D8}.Release|Any CPU.Build.0 = Release|Any CPU
	EndGlobalSection
	GlobalSection(SolutionProperties) = preSolution
		HideSolutionNode = FALSE
	EndGlobalSection
	GlobalSection(ExtensibilityGlobals) = postSolution
		SolutionGuid = {26BDC460-4C18-4DF1-8689-47D59969F06E}
	EndGlobalSection
EndGlobal
